
Microsoft Visual Studio Solution File, Format Version 12.00
# Visual Studio 2012
Project("{FAE04EC0-301F-11D3-BF4B-00C04F79EFBC}") = "MyShopify", "MyShopify\MyShopify.csproj", "{9ABE6FA6-F1BF-4B13-90D0-2194C126DF55}"
EndProject
Project("{FAE04EC0-301F-11D3-BF4B-00C04F79EFBC}") = "shopify_client", "shopify_client\shopify_client.csproj", "{3B531036-2986-44F1-94D2-7C3A7D796D75}"
EndProject
Global
	GlobalSection(SolutionConfigurationPlatforms) = preSolution
		Debug|Any CPU = Debug|Any CPU
		Release|Any CPU = Release|Any CPU
	EndGlobalSection
	GlobalSection(ProjectConfigurationPlatforms) = postSolution
		{9ABE6FA6-F1BF-4B13-90D0-2194C126DF55}.Debug|Any CPU.ActiveCfg = Debug|Any CPU
		{9ABE6FA6-F1BF-4B13-90D0-2194C126DF55}.Debug|Any CPU.Build.0 = Debug|Any CPU
		{9ABE6FA6-F1BF-4B13-90D0-2194C126DF55}.Release|Any CPU.ActiveCfg = Release|Any CPU
		{9ABE6FA6-F1BF-4B13-90D0-2194C126DF55}.Release|Any CPU.Build.0 = Release|Any CPU
		{3B531036-2986-44F1-94D2-7C3A7D796D75}.Debug|Any CPU.ActiveCfg = Debug|Any CPU
		{3B531036-2986-44F1-94D2-7C3A7D796D75}.Debug|Any CPU.Build.0 = Debug|Any CPU
		{3B531036-2986-44F1-94D2-7C3A7D796D75}.Release|Any CPU.ActiveCfg = Release|Any CPU
		{3B531036-2986-44F1-94D2-7C3A7D796D75}.Release|Any CPU.Build.0 = Release|Any CPU
	EndGlobalSection
EndGlobal
